
Microsoft Visual Studio Solution File, Format Version 12.00
# Visual Studio Version 17
VisualStudioVersion = 17.2.32602.215
MinimumVisualStudioVersion = 10.0.40219.1
Project("{FAE04EC0-301F-11D3-BF4B-00C04F79EFBC}") = "TankShooter", "TankShooter.csproj", "{49F5BC8B-5D4B-4913-BD9B-C39295778F89}"
EndProject
Project("{54435603-DBB4-11D2-8724-00A0C9A8B90C}") = "TankShooterSetup", "..\TankShooterSetup\TankShooterSetup\TankShooterSetup.vdproj", "{6FB1B47E-E010-4496-B459-D01269B598AC}"
EndProject
Global
	GlobalSection(SolutionConfigurationPlatforms) = preSolution
		Debug|Any CPU = Debug|Any CPU
		Release|Any CPU = Release|Any CPU
	EndGlobalSection
	GlobalSection(ProjectConfigurationPlatforms) = postSolution
		{49F5BC8B-5D4B-4913-BD9B-C39295778F89}.Debug|Any CPU.ActiveCfg = Debug|Any CPU
		{49F5BC8B-5D4B-4913-BD9B-C39295778F89}.Debug|Any CPU.Build.0 = Debug|Any CPU
		{49F5BC8B-5D4B-4913-BD9B-C39295778F89}.Release|Any CPU.ActiveCfg = Release|Any CPU
		{49F5BC8B-5D4B-4913-BD9B-C39295778F89}.Release|Any CPU.Build.0 = Release|Any CPU
		{6FB1B47E-E010-4496-B459-D01269B598AC}.Debug|Any CPU.ActiveCfg = Debug
		{6FB1B47E-E010-4496-B459-D01269B598AC}.Release|Any CPU.ActiveCfg = Release
	EndGlobalSection
	GlobalSection(SolutionProperties) = preSolution
		HideSolutionNode = FALSE
	EndGlobalSection
	GlobalSection(ExtensibilityGlobals) = postSolution
		SolutionGuid = {7189B39A-AB72-4FE2-8384-465328190D57}
	EndGlobalSection
EndGlobal
